
Microsoft Visual Studio Solution File, Format Version 12.00
# Visual Studio Version 16
VisualStudioVersion = 16.0.810.21
MinimumVisualStudioVersion = 10.0.40219.1
Project("{FAE04EC0-301F-11D3-BF4B-00C04F79EFBC}") = "CommandPattern", "CommandPattern\CommandPattern.csproj", "{F8F31DCD-7CD5-4EAD-93D0-612E78702596}"
EndProject
Global
	GlobalSection(SolutionConfigurationPlatforms) = preSolution
		Debug|Any CPU = Debug|Any CPU
		Release|Any CPU = Release|Any CPU
	EndGlobalSection
	GlobalSection(ProjectConfigurationPlatforms) = postSolution
		{F8F31DCD-7CD5-4EAD-93D0-612E78702596}.Debug|Any CPU.ActiveCfg = Debug|Any CPU
		{F8F31DCD-7CD5-4EAD-93D0-612E78702596}.Debug|Any CPU.Build.0 = Debug|Any CPU
		{F8F31DCD-7CD5-4EAD-93D0-612E78702596}.Release|Any CPU.ActiveCfg = Release|Any CPU
		{F8F31DCD-7CD5-4EAD-93D0-612E78702596}.Release|Any CPU.Build.0 = Release|Any CPU
	EndGlobalSection
	GlobalSection(SolutionProperties) = preSolution
		HideSolutionNode = FALSE
	EndGlobalSection
	GlobalSection(ExtensibilityGlobals) = postSolution
		SolutionGuid = {ECF4E22B-5FAE-4F6C-A2EE-76CAE854EC94}
	EndGlobalSection
EndGlobal
